
Microsoft Visual Studio Solution File, Format Version 12.00
# Visual Studio Version 17
VisualStudioVersion = 17.11.35312.102
MinimumVisualStudioVersion = 10.0.40219.1
Project("{FAE04EC0-301F-11D3-BF4B-00C04F79EFBC}") = "Server", "Server.csproj", "{27074EDF-F536-4A52-94B5-9426B4EC732F}"
EndProject
Global
	GlobalSection(SolutionConfigurationPlatforms) = preSolution
		Debug|Any CPU = Debug|Any CPU
		Release|Any CPU = Release|Any CPU
	EndGlobalSection
	GlobalSection(ProjectConfigurationPlatforms) = postSolution
		{27074EDF-F536-4A52-94B5-9426B4EC732F}.Debug|Any CPU.ActiveCfg = Debug|Any CPU
		{27074EDF-F536-4A52-94B5-9426B4EC732F}.Debug|Any CPU.Build.0 = Debug|Any CPU
		{27074EDF-F536-4A52-94B5-9426B4EC732F}.Release|Any CPU.ActiveCfg = Release|Any CPU
		{27074EDF-F536-4A52-94B5-9426B4EC732F}.Release|Any CPU.Build.0 = Release|Any CPU
	EndGlobalSection
	GlobalSection(SolutionProperties) = preSolution
		HideSolutionNode = FALSE
	EndGlobalSection
	GlobalSection(ExtensibilityGlobals) = postSolution
		SolutionGuid = {B09216C0-AAB5-423A-87BF-6BC5820C9AC9}
	EndGlobalSection
EndGlobal
